
Microsoft Visual Studio Solution File, Format Version 12.00
# Visual Studio Version 16
VisualStudioVersion = 25.0.1704.2
MinimumVisualStudioVersion = 10.0.40219.1
Project("{FAE04EC0-301F-11D3-BF4B-00C04F79EFBC}") = "PrototypeAlgo", "PrototypeAlgo\PrototypeAlgo.csproj", "{353ACB24-B26C-4EB4-A8BA-2DEA8D5D0B37}"
EndProject
Global
	GlobalSection(SolutionConfigurationPlatforms) = preSolution
		Debug|Any CPU = Debug|Any CPU
		Release|Any CPU = Release|Any CPU
	EndGlobalSection
	GlobalSection(ProjectConfigurationPlatforms) = postSolution
		{353ACB24-B26C-4EB4-A8BA-2DEA8D5D0B37}.Debug|Any CPU.ActiveCfg = Debug|Any CPU
		{353ACB24-B26C-4EB4-A8BA-2DEA8D5D0B37}.Debug|Any CPU.Build.0 = Debug|Any CPU
		{353ACB24-B26C-4EB4-A8BA-2DEA8D5D0B37}.Release|Any CPU.ActiveCfg = Release|Any CPU
		{353ACB24-B26C-4EB4-A8BA-2DEA8D5D0B37}.Release|Any CPU.Build.0 = Release|Any CPU
	EndGlobalSection
	GlobalSection(SolutionProperties) = preSolution
		HideSolutionNode = FALSE
	EndGlobalSection
	GlobalSection(ExtensibilityGlobals) = postSolution
		SolutionGuid = {62DABBC2-72A6-4CAF-A547-AE489F05DEF9}
	EndGlobalSection
EndGlobal
